PODS:
  - HandyJSON (5.0.2)
  - XKProjectHelper (1.0.7):
    - HandyJSON
    - XKUtil (~> 1.0)
  - XKUtil (1.0.3)

DEPENDENCIES:
  - XKProjectHelper (from `../`)

SPEC REPOS:
  https://github.com/CocoaPods/Specs.git:
    - HandyJSON
    - XKUtil

EXTERNAL SOURCES:
  XKProjectHelper:
    :path: "../"

SPEC CHECKSUMS:
  HandyJSON: 9e4e236f5d2dbefad5155a77417bbea438201c03
  XKProjectHelper: 590f987a419606011348bbd5bec422b036339a30
  XKUtil: 094cc60975e462aa99c6ca2b71b466699eaea079

PODFILE CHECKSUM: 61f6d91eee3967aba3858937059050f55fe06b6e

COCOAPODS: 1.10.1
